
Microsoft Visual Studio Solution File, Format Version 12.00
# Visual Studio Version 16
VisualStudioVersion = 16.0.30320.27
MinimumVisualStudioVersion = 10.0.40219.1
Project("{FAE04EC0-301F-11D3-BF4B-00C04F79EFBC}") = "Znalytics.Group1.OnlineFoodOrdering", "Znalytics.Group1.OnlineFoodOrdering\Znalytics.Group1.OnlineFoodOrdering.csproj", "{52626238-C55F-4965-A87D-DB830F966795}"
EndProject
Project("{FAE04EC0-301F-11D3-BF4B-00C04F79EFBC}") = "Znalytics.Group1.OnlineFoodOrdering.FoodDetails", "Znalytics.Group1.OnlineFoodOrdering.FoodDetails\Znalytics.Group1.OnlineFoodOrdering.FoodDetails.csproj", "{2DF7288C-C224-407C-B4A9-588A0EB40A9B}"
EndProject
Project("{FAE04EC0-301F-11D3-BF4B-00C04F79EFBC}") = "Znalytics.Group1.OnlineFoodOrdering.FoodDetails.BusinessLogi", "Znalytics.Group1.OnlineFoodOrdering.FoodDetails.BusinessLogi\Znalytics.Group1.OnlineFoodOrdering.FoodDetails.BusinessLogi.csproj", "{083F12F2-1516-497B-A2C5-C8486D3BC69B}"
EndProject
Project("{FAE04EC0-301F-11D3-BF4B-00C04F79EFBC}") = "Znalytics.Grp1.OlineFoodOrder.Entities", "Znalytics.Grp1.OlineFoodOrder.Entities\Znalytics.Grp1.OlineFoodOrder.Entities.csproj", "{D20A9E37-FE8E-4E3E-9D37-E89F8B74831C}"
EndProject
Project("{FAE04EC0-301F-11D3-BF4B-00C04F79EFBC}") = "Presentationlayer", "Presentationlayer\Presentationlayer.csproj", "{9232E646-8A43-4F91-BA0B-F5A2308697A0}"
EndProject
Global
	GlobalSection(SolutionConfigurationPlatforms) = preSolution
		Debug|Any CPU = Debug|Any CPU
		Release|Any CPU = Release|Any CPU
	EndGlobalSection
	GlobalSection(ProjectConfigurationPlatforms) = postSolution
		{52626238-C55F-4965-A87D-DB830F966795}.Debug|Any CPU.ActiveCfg = Debug|Any CPU
		{52626238-C55F-4965-A87D-DB830F966795}.Debug|Any CPU.Build.0 = Debug|Any CPU
		{52626238-C55F-4965-A87D-DB830F966795}.Release|Any CPU.ActiveCfg = Release|Any CPU
		{52626238-C55F-4965-A87D-DB830F966795}.Release|Any CPU.Build.0 = Release|Any CPU
		{2DF7288C-C224-407C-B4A9-588A0EB40A9B}.Debug|Any CPU.ActiveCfg = Debug|Any CPU
		{2DF7288C-C224-407C-B4A9-588A0EB40A9B}.Debug|Any CPU.Build.0 = Debug|Any CPU
		{2DF7288C-C224-407C-B4A9-588A0EB40A9B}.Release|Any CPU.ActiveCfg = Release|Any CPU
		{2DF7288C-C224-407C-B4A9-588A0EB40A9B}.Release|Any CPU.Build.0 = Release|Any CPU
		{083F12F2-1516-497B-A2C5-C8486D3BC69B}.Debug|Any CPU.ActiveCfg = Debug|Any CPU
		{083F12F2-1516-497B-A2C5-C8486D3BC69B}.Debug|Any CPU.Build.0 = Debug|Any CPU
		{083F12F2-1516-497B-A2C5-C8486D3BC69B}.Release|Any CPU.ActiveCfg = Release|Any CPU
		{083F12F2-1516-497B-A2C5-C8486D3BC69B}.Release|Any CPU.Build.0 = Release|Any CPU
		{D20A9E37-FE8E-4E3E-9D37-E89F8B74831C}.Debug|Any CPU.ActiveCfg = Debug|Any CPU
		{D20A9E37-FE8E-4E3E-9D37-E89F8B74831C}.Debug|Any CPU.Build.0 = Debug|Any CPU
		{D20A9E37-FE8E-4E3E-9D37-E89F8B74831C}.Release|Any CPU.ActiveCfg = Release|Any CPU
		{D20A9E37-FE8E-4E3E-9D37-E89F8B74831C}.Release|Any CPU.Build.0 = Release|Any CPU
		{9232E646-8A43-4F91-BA0B-F5A2308697A0}.Debug|Any CPU.ActiveCfg = Debug|Any CPU
		{9232E646-8A43-4F91-BA0B-F5A2308697A0}.Debug|Any CPU.Build.0 = Debug|Any CPU
		{9232E646-8A43-4F91-BA0B-F5A2308697A0}.Release|Any CPU.ActiveCfg = Release|Any CPU
		{9232E646-8A43-4F91-BA0B-F5A2308697A0}.Release|Any CPU.Build.0 = Release|Any CPU
	EndGlobalSection
	GlobalSection(SolutionProperties) = preSolution
		HideSolutionNode = FALSE
	EndGlobalSection
	GlobalSection(ExtensibilityGlobals) = postSolution
		SolutionGuid = {9CB39344-3FA5-4771-BEBB-FFB85B6B0404}
	EndGlobalSection
EndGlobal
